<?xml version="1.0" encoding="utf-8"?>
<Project xmlns="http://schemas.microsoft.com/developer/msbuild/2003">
  <PropertyGroup>
    <ProjectGuid>{E3F4A5B6-C7D8-9012-EF01-345678900008}</ProjectGuid>
    <MainSource>DemoEmbeddedFont.dpr</MainSource>
    <Base>True</Base>
    <Config Condition="'$(Config)'==''">Debug</Config>
    <Platform Condition="'$(Platform)'==''">Win64</Platform>
    <FrameworkType>None</FrameworkType>
    <ProjectType>Application</ProjectType>
    <AppType>Console</AppType>
  </PropertyGroup>
  <PropertyGroup Condition="'$(Config)'=='Base' or '$(Base)'!=''">
    <DCC_DcuOutput>.\dcu\$(Platform)\$(Config)</DCC_DcuOutput>
    <DCC_ExeOutput>.\bin\$(Platform)\$(Config)</DCC_ExeOutput>
    <DCC_UnitSearchPath>..\Src\Core;..\Src\Render</DCC_UnitSearchPath>
    <DCC_ScopedEnums>True</DCC_ScopedEnums>
    <DCC_Warnings>True</DCC_Warnings>
  </PropertyGroup>
  <PropertyGroup Condition="'$(Config)'=='Debug'">
    <Base>True</Base>
    <DCC_Optimize>False</DCC_Optimize>
    <DCC_DebugInformation>2</DCC_DebugInformation>
    <DCC_LocalSymbols>True</DCC_LocalSymbols>
    <DCC_Define>DEBUG</DCC_Define>
  </PropertyGroup>
  <PropertyGroup Condition="'$(Config)'=='Release'">
    <Base>True</Base>
    <DCC_Optimize>True</DCC_Optimize>
    <DCC_DebugInformation>0</DCC_DebugInformation>
    <DCC_Define>RELEASE</DCC_Define>
  </PropertyGroup>
  <ItemGroup>
    <DelphiCompile Include="DemoEmbeddedFont.dpr">
      <MainSource>MainSource</MainSource>
    </DelphiCompile>
    <DCCReference Include="..\Src\Core\uPDF.Errors.pas"/>
    <DCCReference Include="..\Src\Core\uPDF.Types.pas"/>
    <DCCReference Include="..\Src\Core\uPDF.Objects.pas"/>
    <DCCReference Include="..\Src\Core\uPDF.Filters.pas"/>
    <DCCReference Include="..\Src\Core\uPDF.TOC.pas"/>
    <DCCReference Include="..\Src\Core\uPDF.TTFParser.pas"/>
    <DCCReference Include="..\Src\Core\uPDF.TTFSubset.pas"/>
    <DCCReference Include="..\Src\Core\uPDF.EmbeddedFont.pas"/>
    <DCCReference Include="..\Src\Core\uPDF.Writer.pas"/>
  </ItemGroup>
  <Import Project="$(BDS)\Bin\CodeGear.Delphi.Targets" Condition="Exists('$(BDS)\Bin\CodeGear.Delphi.Targets')"/>
  <Import Project="$(APPDATA)\Embarcadero\$(BDSAPPDATABASEDIR)\$(PRODUCTVERSION)\UserTools.proj" Condition="Exists('$(APPDATA)\Embarcadero\$(BDSAPPDATABASEDIR)\$(PRODUCTVERSION)\UserTools.proj')"/>
</Project>
