<?xml version="1.0" encoding="utf-8"?>
<Project xmlns="http://schemas.microsoft.com/developer/msbuild/2003">
  <PropertyGroup>
    <ProjectGuid>{B3C4D5E6-F7A8-9012-BCDE-F12345670002}</ProjectGuid>
    <MainSource>TestWriter.dpr</MainSource>
    <Base>True</Base>
    <Config Condition="'$(Config)'==''">Debug</Config>
    <Platform Condition="'$(Platform)'==''">Win64</Platform>
    <FrameworkType>None</FrameworkType>
    <ProjectType>Application</ProjectType>
    <AppType>Console</AppType>
  </PropertyGroup>
  <PropertyGroup Condition="'$(Config)'=='Base' or '$(Base)'!=''">
    <DCC_DcuOutput>.\dcu\$(Platform)\$(Config)</DCC_DcuOutput>
    <DCC_ExeOutput>.\bin\$(Platform)\$(Config)</DCC_ExeOutput>
    <DCC_UnitSearchPath>..\Src\Core;..\Src\Render;..\Src\FMX</DCC_UnitSearchPath>
    <DCC_ScopedEnums>True</DCC_ScopedEnums>
    <DCC_Warnings>True</DCC_Warnings>
  </PropertyGroup>
  <PropertyGroup Condition="'$(Config)'=='Debug'">
    <Base>True</Base>
    <DCC_Optimize>False</DCC_Optimize>
    <DCC_DebugInformation>2</DCC_DebugInformation>
    <DCC_LocalSymbols>True</DCC_LocalSymbols>
    <DCC_Define>DEBUG</DCC_Define>
  </PropertyGroup>
  <PropertyGroup Condition="'$(Config)'=='Release'">
    <Base>True</Base>
    <DCC_Optimize>True</DCC_Optimize>
    <DCC_DebugInformation>0</DCC_DebugInformation>
    <DCC_Define>RELEASE</DCC_Define>
  </PropertyGroup>
  <ItemGroup>
    <DelphiCompile Include="TestWriter.dpr">
      <MainSource>MainSource</MainSource>
    </DelphiCompile>
    <DCCReference Include="..\Src\Core\uPDF.Types.pas"/>
    <DCCReference Include="..\Src\Core\uPDF.Errors.pas"/>
    <DCCReference Include="..\Src\Core\uPDF.Objects.pas"/>
    <DCCReference Include="..\Src\Core\uPDF.Lexer.pas"/>
    <DCCReference Include="..\Src\Core\uPDF.Filters.pas"/>
    <DCCReference Include="..\Src\Core\uPDF.XRef.pas"/>
    <DCCReference Include="..\Src\Core\uPDF.Crypto.pas"/>
    <DCCReference Include="..\Src\Core\uPDF.Encryption.pas"/>
    <DCCReference Include="..\Src\Core\uPDF.Parser.pas"/>
    <DCCReference Include="..\Src\Core\uPDF.Document.pas"/>
    <DCCReference Include="..\Src\Core\uPDF.GraphicsState.pas"/>
    <DCCReference Include="..\Src\Core\uPDF.ColorSpace.pas"/>
    <DCCReference Include="..\Src\Core\uPDF.FontCMap.pas"/>
    <DCCReference Include="..\Src\Core\uPDF.Font.pas"/>
    <DCCReference Include="..\Src\Core\uPDF.ContentStream.pas"/>
    <DCCReference Include="..\Src\Core\uPDF.Image.pas"/>
    <DCCReference Include="..\Src\Core\uPDF.TextExtractor.pas"/>
    <DCCReference Include="..\Src\Core\uPDF.ImageExtractor.pas"/>
    <DCCReference Include="..\Src\Core\uPDF.Writer.pas"/>
    <DCCReference Include="..\Src\Core\uPDF.Outline.pas"/>
    <DCCReference Include="..\Src\Core\uPDF.Annotations.pas"/>
    <DCCReference Include="..\Src\Core\uPDF.Metadata.pas"/>
    <DCCReference Include="..\Src\Core\uPDF.AcroForms.pas"/>
  </ItemGroup>
  <Import Project="$(BDS)\Bin\CodeGear.Delphi.Targets" Condition="Exists('$(BDS)\Bin\CodeGear.Delphi.Targets')"/>
  <Import Project="$(APPDATA)\Embarcadero\$(BDSAPPDATABASEDIR)\$(PRODUCTVERSION)\UserTools.proj" Condition="Exists('$(APPDATA)\Embarcadero\$(BDSAPPDATABASEDIR)\$(PRODUCTVERSION)\UserTools.proj')"/>
</Project>
